
Microsoft Visual Studio Solution File, Format Version 12.00
# Visual Studio Version 16
VisualStudioVersion = 16.0.31019.35
MinimumVisualStudioVersion = 10.0.40219.1
Project("{FAE04EC0-301F-11D3-BF4B-00C04F79EFBC}") = "ProyectoSolver", "ProyectoSolver\ProyectoSolver.csproj", "{536FD89E-38D5-445E-AAF2-B0E700967BB7}"
EndProject
Global
	GlobalSection(SolutionConfigurationPlatforms) = preSolution
		Debug|Any CPU = Debug|Any CPU
		Release|Any CPU = Release|Any CPU
	EndGlobalSection
	GlobalSection(ProjectConfigurationPlatforms) = postSolution
		{536FD89E-38D5-445E-AAF2-B0E700967BB7}.Debug|Any CPU.ActiveCfg = Debug|Any CPU
		{536FD89E-38D5-445E-AAF2-B0E700967BB7}.Debug|Any CPU.Build.0 = Debug|Any CPU
		{536FD89E-38D5-445E-AAF2-B0E700967BB7}.Release|Any CPU.ActiveCfg = Release|Any CPU
		{536FD89E-38D5-445E-AAF2-B0E700967BB7}.Release|Any CPU.Build.0 = Release|Any CPU
	EndGlobalSection
	GlobalSection(SolutionProperties) = preSolution
		HideSolutionNode = FALSE
	EndGlobalSection
	GlobalSection(ExtensibilityGlobals) = postSolution
		SolutionGuid = {4E2B1B87-6F86-473B-B877-8CD66B302670}
	EndGlobalSection
EndGlobal
